
Microsoft Visual Studio Solution File, Format Version 12.00
# Visual Studio Version 17
VisualStudioVersion = 17.4.33205.214
MinimumVisualStudioVersion = 10.0.40219.1
Project("{FAE04EC0-301F-11D3-BF4B-00C04F79EFBC}") = "CrudOperations-Connected, Disconnected in Asp.NetWebApplication", "..\..\..\Documents\day-8 Asp.net\day-8 Asp.net\CrudOperations-Connected, Disconnected in Asp.NetWebApplication\CrudOperations-Connected, Disconnected in Asp.NetWebApplication.csproj", "{82A2C09B-B3A2-4DC1-9CBB-6730198E42C9}"
EndProject
Global
	GlobalSection(SolutionConfigurationPlatforms) = preSolution
		Debug|Any CPU = Debug|Any CPU
		Release|Any CPU = Release|Any CPU
	EndGlobalSection
	GlobalSection(ProjectConfigurationPlatforms) = postSolution
		{82A2C09B-B3A2-4DC1-9CBB-6730198E42C9}.Debug|Any CPU.ActiveCfg = Debug|Any CPU
		{82A2C09B-B3A2-4DC1-9CBB-6730198E42C9}.Debug|Any CPU.Build.0 = Debug|Any CPU
		{82A2C09B-B3A2-4DC1-9CBB-6730198E42C9}.Release|Any CPU.ActiveCfg = Release|Any CPU
		{82A2C09B-B3A2-4DC1-9CBB-6730198E42C9}.Release|Any CPU.Build.0 = Release|Any CPU
	EndGlobalSection
	GlobalSection(SolutionProperties) = preSolution
		HideSolutionNode = FALSE
	EndGlobalSection
	GlobalSection(ExtensibilityGlobals) = postSolution
		SolutionGuid = {3CB8AFD8-6EFD-4BCC-8922-C92A0C6F18BB}
	EndGlobalSection
EndGlobal
